PODS:
  - JSQSystemSoundPlayer (2.0.1)
  - SDWebImage (3.7.6):
    - SDWebImage/Core (= 3.7.6)
  - SDWebImage/Core (3.7.6)
  - UIActivityIndicator-for-SDWebImage (1.2):
    - SDWebImage (~> 3.7)

DEPENDENCIES:
  - JSQSystemSoundPlayer (~> 2.0)
  - UIActivityIndicator-for-SDWebImage (~> 1.2)

SPEC CHECKSUMS:
  JSQSystemSoundPlayer: c5850e77a4363ffd374cd851154b9af93264ed8d
  SDWebImage: c325cf02c30337336b95beff20a13df489ec0ec9
  UIActivityIndicator-for-SDWebImage: 7bf7ebbf0ed1747dedc0d6e949c4603a6d0f9e0c

PODFILE CHECKSUM: 919841dd630aa94e70968b92c4d7e89bf679c8b4

COCOAPODS: 1.0.0
